// !$*UTF8*$!
{
	archiveVersion = 1;
	classes = {
	};
	objectVersion = 77;
	objects = {

/* Begin PBXContainerItemProxy section */
		F8ECB0B52D00AB8C00ADD79E /* PBXContainerItemProxy */ = {
			isa = PBXContainerItemProxy;
			containerPortal = F8ECB09C2D00AB8700ADD79E /* Project object */;
			proxyType = 1;
			remoteGlobalIDString = F8ECB0A32D00AB8700ADD79E;
			remoteInfo = MakeMeCoffeeApp;
		};
		F8ECB0BF2D00AB8C00ADD79E /* PBXContainerItemProxy */ = {
			isa = PBXContainerItemProxy;
			containerPortal = F8ECB09C2D00AB8700ADD79E /* Project object */;
			proxyType = 1;
			remoteGlobalIDString = F8ECB0A32D00AB8700ADD79E;
			remoteInfo = MakeMeCoffeeApp;
		};
/* End PBXContainerItemProxy section */

/* Begin PBXFileReference section */
		F8ECB0A42D00AB8800ADD79E /* MakeMeCoffeeApp.app */ = {isa = PBXFileReference; explicitFileType = wrapper.application; includeInIndex = 0; path = MakeMeCoffeeApp.app; sourceTree = BUILT_PRODUCTS_DIR; };
		F8ECB0B42D00AB8C00ADD79E /* MakeMeCoffeeAppTests.xctest */ = {isa = PBXFileReference; explicitFileType = wrapper.cfbundle; includeInIndex = 0; path = MakeMeCoffeeAppTests.xctest; sourceTree = BUILT_PRODUCTS_DIR; };
		F8ECB0BE2D00AB8C00ADD79E /* MakeMeCoffeeAppUITests.xctest */ = {isa = PBXFileReference; explicitFileType = wrapper.cfbundle; includeInIndex = 0; path = MakeMeCoffeeAppUITests.xctest; sourceTree = BUILT_PRODUCTS_DIR; };
/* End PBXFileReference section */

/* Begin PBXFileSystemSynchronizedRootGroup section */
		F8ECB0A62D00AB8800ADD79E /* MakeMeCoffeeApp */ = {
			isa = PBXFileSystemSynchronizedRootGroup;
			path = MakeMeCoffeeApp;
			sourceTree = "<group>";
		};
		F8ECB0B72D00AB8C00ADD79E /* MakeMeCoffeeAppTests */ = {
			isa = PBXFileSystemSynchronizedRootGroup;
			path = MakeMeCoffeeAppTests;
			sourceTree = "<group>";
		};
		F8ECB0C12D00AB8C00ADD79E /* MakeMeCoffeeAppUITests */ = {
			isa = PBXFileSystemSynchronizedRootGroup;
			path = MakeMeCoffeeAppUITests;
			sourceTree = "<group>";
		};
/* End PBXFileSystemSynchronizedRootGroup section */

/* Begin PBXFrameworksBuildPhase section */
		F8ECB0A12D00AB8700ADD79E /* Frameworks */ = {
			isa = PBXFrameworksBuildPhase;
			buildActionMask = 2147483647;
			files = (
			);
			runOnlyForDeploymentPostprocessing = 0;
		};
		F8ECB0B12D00AB8C00ADD79E /* Frameworks */ = {
			isa = PBXFrameworksBuildPhase;
			buildActionMask = 2147483647;
			files = (
			);
			runOnlyForDeploymentPostprocessing = 0;
		};
		F8ECB0BB2D00AB8C00ADD79E /* Frameworks */ = {
			isa = PBXFrameworksBuildPhase;
			buildActionMask = 2147483647;
			files = (
			);
			runOnlyForDeploymentPostprocessing = 0;
		};
/* End PBXFrameworksBuildPhase section */

/* Begin PBXGroup section */
		F8ECB09B2D00AB8700ADD79E = {
			isa = PBXGroup;
			children = (
				F8ECB0A62D00AB8800ADD79E /* MakeMeCoffeeApp */,
				F8ECB0B72D00AB8C00ADD79E /* MakeMeCoffeeAppTests */,
				F8ECB0C12D00AB8C00ADD79E /* MakeMeCoffeeAppUITests */,
				F8ECB0A52D00AB8800ADD79E /* Products */,
			);
			sourceTree = "<group>";
		};
		F8ECB0A52D00AB8800ADD79E /* Products */ = {
			isa = PBXGroup;
			children = (
				F8ECB0A42D00AB8800ADD79E /* MakeMeCoffeeApp.app */,
				F8ECB0B42D00AB8C00ADD79E /* MakeMeCoffeeAppTests.xctest */,
				F8ECB0BE2D00AB8C00ADD79E /* MakeMeCoffeeAppUITests.xctest */,
			);
			name = Products;
			sourceTree = "<group>";
		};
/* End PBXGroup section */

/* Begin PBXNativeTarget section */
		F8ECB0A32D00AB8700ADD79E /* MakeMeCoffeeApp */ = {
			isa = PBXNativeTarget;
			buildConfigurationList = F8ECB0C82D00AB8C00ADD79E /* Build configuration list for PBXNativeTarget "MakeMeCoffeeApp" */;
			buildPhases = (
				F8ECB0A02D00AB8700ADD79E /* Sources */,
				F8ECB0A12D00AB8700ADD79E /* Frameworks */,
				F8ECB0A22D00AB8700ADD79E /* Resources */,
			);
			buildRules = (
			);
			dependencies = (
			);
			fileSystemSynchronizedGroups = (
				F8ECB0A62D00AB8800ADD79E /* MakeMeCoffeeApp */,
			);
			name = MakeMeCoffeeApp;
			packageProductDependencies = (
			);
			productName = MakeMeCoffeeApp;
			productReference = F8ECB0A42D00AB8800ADD79E /* MakeMeCoffeeApp.app */;
			productType = "com.apple.product-type.application";
		};
		F8ECB0B32D00AB8C00ADD79E /* MakeMeCoffeeAppTests */ = {
			isa = PBXNativeTarget;
			buildConfigurationList = F8ECB0CB2D00AB8C00ADD79E /* Build configuration list for PBXNativeTarget "MakeMeCoffeeAppTests" */;
			buildPhases = (
				F8ECB0B02D00AB8C00ADD79E /* Sources */,
				F8ECB0B12D00AB8C00ADD79E /* Frameworks */,
				F8ECB0B22D00AB8C00ADD79E /* Resources */,
			);
			buildRules = (
			);
			dependencies = (
				F8ECB0B62D00AB8C00ADD79E /* PBXTargetDependency */,
			);
			fileSystemSynchronizedGroups = (
				F8ECB0B72D00AB8C00ADD79E /* MakeMeCoffeeAppTests */,
			);
			name = MakeMeCoffeeAppTests;
			packageProductDependencies = (
			);
			productName = MakeMeCoffeeAppTests;
			productReference = F8ECB0B42D00AB8C00ADD79E /* MakeMeCoffeeAppTests.xctest */;
			productType = "com.apple.product-type.bundle.unit-test";
		};
		F8ECB0BD2D00AB8C00ADD79E /* MakeMeCoffeeAppUITests */ = {
			isa = PBXNativeTarget;
			buildConfigurationList = F8ECB0CE2D00AB8C00ADD79E /* Build configuration list for PBXNativeTarget "MakeMeCoffeeAppUITests" */;
			buildPhases = (
				F8ECB0BA2D00AB8C00ADD79E /* Sources */,
				F8ECB0BB2D00AB8C00ADD79E /* Frameworks */,
				F8ECB0BC2D00AB8C00ADD79E /* Resources */,
			);
			buildRules = (
			);
			dependencies = (
				F8ECB0C02D00AB8C00ADD79E /* PBXTargetDependency */,
			);
			fileSystemSynchronizedGroups = (
				F8ECB0C12D00AB8C00ADD79E /* MakeMeCoffeeAppUITests */,
			);
			name = MakeMeCoffeeAppUITests;
			packageProductDependencies = (
			);
			productName = MakeMeCoffeeAppUITests;
			productReference = F8ECB0BE2D00AB8C00ADD79E /* MakeMeCoffeeAppUITests.xctest */;
			productType = "com.apple.product-type.bundle.ui-testing";
		};
/* End PBXNativeTarget section */

/* Begin PBXProject section */
		F8ECB09C2D00AB8700ADD79E /* Project object */ = {
			isa = PBXProject;
			attributes = {
				BuildIndependentTargetsInParallel = 1;
				LastSwiftUpdateCheck = 1610;
				LastUpgradeCheck = 1610;
				TargetAttributes = {
					F8ECB0A32D00AB8700ADD79E = {
						CreatedOnToolsVersion = 16.1;
					};
					F8ECB0B32D00AB8C00ADD79E = {
						CreatedOnToolsVersion = 16.1;
						TestTargetID = F8ECB0A32D00AB8700ADD79E;
					};
					F8ECB0BD2D00AB8C00ADD79E = {
						CreatedOnToolsVersion = 16.1;
						TestTargetID = F8ECB0A32D00AB8700ADD79E;
					};
				};
			};
			buildConfigurationList = F8ECB09F2D00AB8700ADD79E /* Build configuration list for PBXProject "MakeMeCoffeeApp" */;
			developmentRegion = en;
			hasScannedForEncodings = 0;
			knownRegions = (
				en,
				Base,
			);
			mainGroup = F8ECB09B2D00AB8700ADD79E;
			minimizedProjectReferenceProxies = 1;
			packageReferences = (
				F8ECB0EC2D00B49F00ADD79E /* XCRemoteSwiftPackageReference "firebase-ios-sdk" */,
			);
			preferredProjectObjectVersion = 77;
			productRefGroup = F8ECB0A52D00AB8800ADD79E /* Products */;
			projectDirPath = "";
			projectRoot = "";
			targets = (
				F8ECB0A32D00AB8700ADD79E /* MakeMeCoffeeApp */,
				F8ECB0B32D00AB8C00ADD79E /* MakeMeCoffeeAppTests */,
				F8ECB0BD2D00AB8C00ADD79E /* MakeMeCoffeeAppUITests */,
			);
		};
/* End PBXProject section */

/* Begin PBXResourcesBuildPhase section */
		F8ECB0A22D00AB8700ADD79E /* Resources */ = {
			isa = PBXResourcesBuildPhase;
			buildActionMask = 2147483647;
			files = (
			);
			runOnlyForDeploymentPostprocessing = 0;
		};
		F8ECB0B22D00AB8C00ADD79E /* Resources */ = {
			isa = PBXResourcesBuildPhase;
			buildActionMask = 2147483647;
			files = (
			);
			runOnlyForDeploymentPostprocessing = 0;
		};
		F8ECB0BC2D00AB8C00ADD79E /* Resources */ = {
			isa = PBXResourcesBuildPhase;
			buildActionMask = 2147483647;
			files = (
			);
			runOnlyForDeploymentPostprocessing = 0;
		};
/* End PBXResourcesBuildPhase section */

/* Begin PBXSourcesBuildPhase section */
		F8ECB0A02D00AB8700ADD79E /* Sources */ = {
			isa = PBXSourcesBuildPhase;
			buildActionMask = 2147483647;
			files = (
			);
			runOnlyForDeploymentPostprocessing = 0;
		};
		F8ECB0B02D00AB8C00ADD79E /* Sources */ = {
			isa = PBXSourcesBuildPhase;
			buildActionMask = 2147483647;
			files = (
			);
			runOnlyForDeploymentPostprocessing = 0;
		};
		F8ECB0BA2D00AB8C00ADD79E /* Sources */ = {
			isa = PBXSourcesBuildPhase;
			buildActionMask = 2147483647;
			files = (
			);
			runOnlyForDeploymentPostprocessing = 0;
		};
/* End PBXSourcesBuildPhase section */

/* Begin PBXTargetDependency section */
		F8ECB0B62D00AB8C00ADD79E /* PBXTargetDependency */ = {
			isa = PBXTargetDependency;
			target = F8ECB0A32D00AB8700ADD79E /* MakeMeCoffeeApp */;
			targetProxy = F8ECB0B52D00AB8C00ADD79E /* PBXContainerItemProxy */;
		};
		F8ECB0C02D00AB8C00ADD79E /* PBXTargetDependency */ = {
			isa = PBXTargetDependency;
			target = F8ECB0A32D00AB8700ADD79E /* MakeMeCoffeeApp */;
			targetProxy = F8ECB0BF2D00AB8C00ADD79E /* PBXContainerItemProxy */;
		};
/* End PBXTargetDependency section */

/* Begin XCBuildConfiguration section */
		F8ECB0C62D00AB8C00ADD79E /* Debug */ = {
			isa = XCBuildConfiguration;
			buildSettings = {
				ALWAYS_SEARCH_USER_PATHS = NO;
				ASSETCATALOG_COMPILER_GENERATE_SWIFT_ASSET_SYMBOL_EXTENSIONS = YES;
				CLANG_ANALYZER_NONNULL = YES;
				CLANG_ANALYZER_NUMBER_OBJECT_CONVERSION = YES_AGGRESSIVE;
				CLANG_CXX_LANGUAGE_STANDARD = "gnu++20";
				CLANG_ENABLE_MODULES = YES;
				CLANG_ENABLE_OBJC_ARC = YES;
				CLANG_ENABLE_OBJC_WEAK = YES;
				CLANG_WARN_BLOCK_CAPTURE_AUTORELEASING = YES;
				CLANG_WARN_BOOL_CONVERSION = YES;
				CLANG_WARN_COMMA = YES;
				CLANG_WARN_CONSTANT_CONVERSION = YES;
				CLANG_WARN_DEPRECATED_OBJC_IMPLEMENTATIONS = YES;
				CLANG_WARN_DIRECT_OBJC_ISA_USAGE = YES_ERROR;
				CLANG_WARN_DOCUMENTATION_COMMENTS = YES;
				CLANG_WARN_EMPTY_BODY = YES;
				CLANG_WARN_ENUM_CONVERSION = YES;
				CLANG_WARN_INFINITE_RECURSION = YES;
				CLANG_WARN_INT_CONVERSION = YES;
				CLANG_WARN_NON_LITERAL_NULL_CONVERSION = YES;
				CLANG_WARN_OBJC_IMPLICIT_RETAIN_SELF = YES;
				CLANG_WARN_OBJC_LITERAL_CONVERSION = YES;
				CLANG_WARN_OBJC_ROOT_CLASS = YES_ERROR;
				CLANG_WARN_QUOTED_INCLUDE_IN_FRAMEWORK_HEADER = YES;
				CLANG_WARN_RANGE_LOOP_ANALYSIS = YES;
				CLANG_WARN_STRICT_PROTOTYPES = YES;
				CLANG_WARN_SUSPICIOUS_MOVE = YES;
				CLANG_WARN_UNGUARDED_AVAILABILITY = YES_AGGRESSIVE;
				CLANG_WARN_UNREACHABLE_CODE = YES;
				CLANG_WARN__DUPLICATE_METHOD_MATCH = YES;
				COPY_PHASE_STRIP = NO;
				DEBUG_INFORMATION_FORMAT = dwarf;
				ENABLE_STRICT_OBJC_MSGSEND = YES;
				ENABLE_TESTABILITY = YES;
				ENABLE_USER_SCRIPT_SANDBOXING = YES;
				GCC_C_LANGUAGE_STANDARD = gnu17;
				GCC_DYNAMIC_NO_PIC = NO;
				GCC_NO_COMMON_BLOCKS = YES;
				GCC_OPTIMIZATION_LEVEL = 0;
				GCC_PREPROCESSOR_DEFINITIONS = (
					"DEBUG=1",
					"$(inherited)",
				);
				GCC_WARN_64_TO_32_BIT_CONVERSION = YES;
				GCC_WARN_ABOUT_RETURN_TYPE = YES_ERROR;
				GCC_WARN_UNDECLARED_SELECTOR = YES;
				GCC_WARN_UNINITIALIZED_AUTOS = YES_AGGRESSIVE;
				GCC_WARN_UNUSED_FUNCTION = YES;
				GCC_WARN_UNUSED_VARIABLE = YES;
				IPHONEOS_DEPLOYMENT_TARGET = 18.1;
				LOCALIZATION_PREFERS_STRING_CATALOGS = YES;
				MTL_ENABLE_DEBUG_INFO = INCLUDE_SOURCE;
				MTL_FAST_MATH = YES;
				ONLY_ACTIVE_ARCH = YES;
				SDKROOT = iphoneos;
				SWIFT_ACTIVE_COMPILATION_CONDITIONS = "DEBUG $(inherited)";
				SWIFT_OPTIMIZATION_LEVEL = "-Onone";
			};
			name = Debug;
		};
		F8ECB0C72D00AB8C00ADD79E /* Release */ = {
			isa = XCBuildConfiguration;
			buildSettings = {
				ALWAYS_SEARCH_USER_PATHS = NO;
				ASSETCATALOG_COMPILER_GENERATE_SWIFT_ASSET_SYMBOL_EXTENSIONS = YES;
				CLANG_ANALYZER_NONNULL = YES;
				CLANG_ANALYZER_NUMBER_OBJECT_CONVERSION = YES_AGGRESSIVE;
				CLANG_CXX_LANGUAGE_STANDARD = "gnu++20";
				CLANG_ENABLE_MODULES = YES;
				CLANG_ENABLE_OBJC_ARC = YES;
				CLANG_ENABLE_OBJC_WEAK = YES;
				CLANG_WARN_BLOCK_CAPTURE_AUTORELEASING = YES;
				CLANG_WARN_BOOL_CONVERSION = YES;
				CLANG_WARN_COMMA = YES;
				CLANG_WARN_CONSTANT_CONVERSION = YES;
				CLANG_WARN_DEPRECATED_OBJC_IMPLEMENTATIONS = YES;
				CLANG_WARN_DIRECT_OBJC_ISA_USAGE = YES_ERROR;
				CLANG_WARN_DOCUMENTATION_COMMENTS = YES;
				CLANG_WARN_EMPTY_BODY = YES;
				CLANG_WARN_ENUM_CONVERSION = YES;
				CLANG_WARN_INFINITE_RECURSION = YES;
				CLANG_WARN_INT_CONVERSION = YES;
				CLANG_WARN_NON_LITERAL_NULL_CONVERSION = YES;
				CLANG_WARN_OBJC_IMPLICIT_RETAIN_SELF = YES;
				CLANG_WARN_OBJC_LITERAL_CONVERSION = YES;
				CLANG_WARN_OBJC_ROOT_CLASS = YES_ERROR;
				CLANG_WARN_QUOTED_INCLUDE_IN_FRAMEWORK_HEADER = YES;
				CLANG_WARN_RANGE_LOOP_ANALYSIS = YES;
				CLANG_WARN_STRICT_PROTOTYPES = YES;
				CLANG_WARN_SUSPICIOUS_MOVE = YES;
				CLANG_WARN_UNGUARDED_AVAILABILITY = YES_AGGRESSIVE;
				CLANG_WARN_UNREACHABLE_CODE = YES;
				CLANG_WARN__DUPLICATE_METHOD_MATCH = YES;
				COPY_PHASE_STRIP = NO;
				DEBUG_INFORMATION_FORMAT = "dwarf-with-dsym";
				ENABLE_NS_ASSERTIONS = NO;
				ENABLE_STRICT_OBJC_MSGSEND = YES;
				ENABLE_USER_SCRIPT_SANDBOXING = YES;
				GCC_C_LANGUAGE_STANDARD = gnu17;
				GCC_NO_COMMON_BLOCKS = YES;
				GCC_WARN_64_TO_32_BIT_CONVERSION = YES;
				GCC_WARN_ABOUT_RETURN_TYPE = YES_ERROR;
				GCC_WARN_UNDECLARED_SELECTOR = YES;
				GCC_WARN_UNINITIALIZED_AUTOS = YES_AGGRESSIVE;
				GCC_WARN_UNUSED_FUNCTION = YES;
				GCC_WARN_UNUSED_VARIABLE = YES;
				IPHONEOS_DEPLOYMENT_TARGET = 18.1;
				LOCALIZATION_PREFERS_STRING_CATALOGS = YES;
				MTL_ENABLE_DEBUG_INFO = NO;
				MTL_FAST_MATH = YES;
				SDKROOT = iphoneos;
				SWIFT_COMPILATION_MODE = wholemodule;
				VALIDATE_PRODUCT = YES;
			};
			name = Release;
		};
		F8ECB0C92D00AB8C00ADD79E /* Debug */ = {
			isa = XCBuildConfiguration;
			buildSettings = {
				ASSETCATALOG_COMPILER_APPICON_NAME = AppIcon;
				ASSETCATALOG_COMPILER_GLOBAL_ACCENT_COLOR_NAME = AccentColor;
				CODE_SIGN_STYLE = Automatic;
				CURRENT_PROJECT_VERSION = 1;
				DEVELOPMENT_ASSET_PATHS = "\"MakeMeCoffeeApp/Preview Content\"";
				DEVELOPMENT_TEAM = D6Z64ASL3Z;
				ENABLE_PREVIEWS = YES;
				GENERATE_INFOPLIST_FILE = YES;
				INFOPLIST_KEY_UIApplicationSceneManifest_Generation = YES;
				INFOPLIST_KEY_UIApplicationSupportsIndirectInputEvents = YES;
				INFOPLIST_KEY_UILaunchScreen_Generation = YES;
				INFOPLIST_KEY_UISupportedInterfaceOrientations_iPad = "UIInterfaceOrientationPortrait UIInterfaceOrientationPortraitUpsideDown UIInterfaceOrientationLandscapeLeft UIInterfaceOrientationLandscapeRight";
				INFOPLIST_KEY_UISupportedInterfaceOrientations_iPhone = "UIInterfaceOrientationPortrait UIInterfaceOrientationLandscapeLeft UIInterfaceOrientationLandscapeRight";
				LD_RUNPATH_SEARCH_PATHS = (
					"$(inherited)",
					"@executable_path/Frameworks",
				);
				MARKETING_VERSION = 1.0;
				PRODUCT_BUNDLE_IDENTIFIER = MakeMeCoffeeDev.MakeMeCoffeeApp;
				PRODUCT_NAME = "$(TARGET_NAME)";
				SWIFT_EMIT_LOC_STRINGS = YES;
				SWIFT_VERSION = 5.0;
				TARGETED_DEVICE_FAMILY = "1,2";
			};
			name = Debug;
		};
		F8ECB0CA2D00AB8C00ADD79E /* Release */ = {
			isa = XCBuildConfiguration;
			buildSettings = {
				ASSETCATALOG_COMPILER_APPICON_NAME = AppIcon;
				ASSETCATALOG_COMPILER_GLOBAL_ACCENT_COLOR_NAME = AccentColor;
				CODE_SIGN_STYLE = Automatic;
				CURRENT_PROJECT_VERSION = 1;
				DEVELOPMENT_ASSET_PATHS = "\"MakeMeCoffeeApp/Preview Content\"";
				DEVELOPMENT_TEAM = D6Z64ASL3Z;
				ENABLE_PREVIEWS = YES;
				GENERATE_INFOPLIST_FILE = YES;
				INFOPLIST_KEY_UIApplicationSceneManifest_Generation = YES;
				INFOPLIST_KEY_UIApplicationSupportsIndirectInputEvents = YES;
				INFOPLIST_KEY_UILaunchScreen_Generation = YES;
				INFOPLIST_KEY_UISupportedInterfaceOrientations_iPad = "UIInterfaceOrientationPortrait UIInterfaceOrientationPortraitUpsideDown UIInterfaceOrientationLandscapeLeft UIInterfaceOrientationLandscapeRight";
				INFOPLIST_KEY_UISupportedInterfaceOrientations_iPhone = "UIInterfaceOrientationPortrait UIInterfaceOrientationLandscapeLeft UIInterfaceOrientationLandscapeRight";
				LD_RUNPATH_SEARCH_PATHS = (
					"$(inherited)",
					"@executable_path/Frameworks",
				);
				MARKETING_VERSION = 1.0;
				PRODUCT_BUNDLE_IDENTIFIER = MakeMeCoffeeDev.MakeMeCoffeeApp;
				PRODUCT_NAME = "$(TARGET_NAME)";
				SWIFT_EMIT_LOC_STRINGS = YES;
				SWIFT_VERSION = 5.0;
				TARGETED_DEVICE_FAMILY = "1,2";
			};
			name = Release;
		};
		F8ECB0CC2D00AB8C00ADD79E /* Debug */ = {
			isa = XCBuildConfiguration;
			buildSettings = {
				BUNDLE_LOADER = "$(TEST_HOST)";
				CODE_SIGN_STYLE = Automatic;
				CURRENT_PROJECT_VERSION = 1;
				DEVELOPMENT_TEAM = D6Z64ASL3Z;
				GENERATE_INFOPLIST_FILE = YES;
				IPHONEOS_DEPLOYMENT_TARGET = 18.1;
				MARKETING_VERSION = 1.0;
				PRODUCT_BUNDLE_IDENTIFIER = MakeMeCoffeeDev.MakeMeCoffeeAppTests;
				PRODUCT_NAME = "$(TARGET_NAME)";
				SWIFT_EMIT_LOC_STRINGS = NO;
				SWIFT_VERSION = 5.0;
				TARGETED_DEVICE_FAMILY = "1,2";
				TEST_HOST = "$(BUILT_PRODUCTS_DIR)/MakeMeCoffeeApp.app/$(BUNDLE_EXECUTABLE_FOLDER_PATH)/MakeMeCoffeeApp";
			};
			name = Debug;
		};
		F8ECB0CD2D00AB8C00ADD79E /* Release */ = {
			isa = XCBuildConfiguration;
			buildSettings = {
				BUNDLE_LOADER = "$(TEST_HOST)";
				CODE_SIGN_STYLE = Automatic;
				CURRENT_PROJECT_VERSION = 1;
				DEVELOPMENT_TEAM = D6Z64ASL3Z;
				GENERATE_INFOPLIST_FILE = YES;
				IPHONEOS_DEPLOYMENT_TARGET = 18.1;
				MARKETING_VERSION = 1.0;
				PRODUCT_BUNDLE_IDENTIFIER = MakeMeCoffeeDev.MakeMeCoffeeAppTests;
				PRODUCT_NAME = "$(TARGET_NAME)";
				SWIFT_EMIT_LOC_STRINGS = NO;
				SWIFT_VERSION = 5.0;
				TARGETED_DEVICE_FAMILY = "1,2";
				TEST_HOST = "$(BUILT_PRODUCTS_DIR)/MakeMeCoffeeApp.app/$(BUNDLE_EXECUTABLE_FOLDER_PATH)/MakeMeCoffeeApp";
			};
			name = Release;
		};
		F8ECB0CF2D00AB8C00ADD79E /* Debug */ = {
			isa = XCBuildConfiguration;
			buildSettings = {
				CODE_SIGN_STYLE = Automatic;
				CURRENT_PROJECT_VERSION = 1;
				DEVELOPMENT_TEAM = D6Z64ASL3Z;
				GENERATE_INFOPLIST_FILE = YES;
				MARKETING_VERSION = 1.0;
				PRODUCT_BUNDLE_IDENTIFIER = MakeMeCoffeeDev.MakeMeCoffeeAppUITests;
				PRODUCT_NAME = "$(TARGET_NAME)";
				SWIFT_EMIT_LOC_STRINGS = NO;
				SWIFT_VERSION = 5.0;
				TARGETED_DEVICE_FAMILY = "1,2";
				TEST_TARGET_NAME = MakeMeCoffeeApp;
			};
			name = Debug;
		};
		F8ECB0D02D00AB8C00ADD79E /* Release */ = {
			isa = XCBuildConfiguration;
			buildSettings = {
				CODE_SIGN_STYLE = Automatic;
				CURRENT_PROJECT_VERSION = 1;
				DEVELOPMENT_TEAM = D6Z64ASL3Z;
				GENERATE_INFOPLIST_FILE = YES;
				MARKETING_VERSION = 1.0;
				PRODUCT_BUNDLE_IDENTIFIER = MakeMeCoffeeDev.MakeMeCoffeeAppUITests;
				PRODUCT_NAME = "$(TARGET_NAME)";
				SWIFT_EMIT_LOC_STRINGS = NO;
				SWIFT_VERSION = 5.0;
				TARGETED_DEVICE_FAMILY = "1,2";
				TEST_TARGET_NAME = MakeMeCoffeeApp;
			};
			name = Release;
		};
/* End XCBuildConfiguration section */

/* Begin XCConfigurationList section */
		F8ECB09F2D00AB8700ADD79E /* Build configuration list for PBXProject "MakeMeCoffeeApp" */ = {
			isa = XCConfigurationList;
			buildConfigurations = (
				F8ECB0C62D00AB8C00ADD79E /* Debug */,
				F8ECB0C72D00AB8C00ADD79E /* Release */,
			);
			defaultConfigurationIsVisible = 0;
			defaultConfigurationName = Release;
		};
		F8ECB0C82D00AB8C00ADD79E /* Build configuration list for PBXNativeTarget "MakeMeCoffeeApp" */ = {
			isa = XCConfigurationList;
			buildConfigurations = (
				F8ECB0C92D00AB8C00ADD79E /* Debug */,
				F8ECB0CA2D00AB8C00ADD79E /* Release */,
			);
			defaultConfigurationIsVisible = 0;
			defaultConfigurationName = Release;
		};
		F8ECB0CB2D00AB8C00ADD79E /* Build configuration list for PBXNativeTarget "MakeMeCoffeeAppTests" */ = {
			isa = XCConfigurationList;
			buildConfigurations = (
				F8ECB0CC2D00AB8C00ADD79E /* Debug */,
				F8ECB0CD2D00AB8C00ADD79E /* Release */,
			);
			defaultConfigurationIsVisible = 0;
			defaultConfigurationName = Release;
		};
		F8ECB0CE2D00AB8C00ADD79E /* Build configuration list for PBXNativeTarget "MakeMeCoffeeAppUITests" */ = {
			isa = XCConfigurationList;
			buildConfigurations = (
				F8ECB0CF2D00AB8C00ADD79E /* Debug */,
				F8ECB0D02D00AB8C00ADD79E /* Release */,
			);
			defaultConfigurationIsVisible = 0;
			defaultConfigurationName = Release;
		};
/* End XCConfigurationList section */

/* Begin XCRemoteSwiftPackageReference section */
		F8ECB0EC2D00B49F00ADD79E /* XCRemoteSwiftPackageReference "firebase-ios-sdk" */ = {
			isa = XCRemoteSwiftPackageReference;
			repositoryURL = "https://github.com/firebase/firebase-ios-sdk";
			requirement = {
				kind = upToNextMajorVersion;
				minimumVersion = 11.6.0;
			};
		};
/* End XCRemoteSwiftPackageReference section */
	};
	rootObject = F8ECB09C2D00AB8700ADD79E /* Project object */;
}
